// !$*UTF8*$!
{
	archiveVersion = 1;
	classes = {
	};
	objectVersion = 46;
	objects = {

/* Begin PBXBuildFile section */
		F51496251AE29C16006F4D2D /* DescriptiveStatistic.swift in Sources */ = {isa = PBXBuildFile; fileRef = F51496241AE29C16006F4D2D /* DescriptiveStatistic.swift */; };
		F51496271AE2F7F7006F4D2D /* CharacterResource.swift in Sources */ = {isa = PBXBuildFile; fileRef = F51496261AE2F7F7006F4D2D /* CharacterResource.swift */; };
		F514962A1AE2FB8E006F4D2D /* CharacterStatisticTest.swift in Sources */ = {isa = PBXBuildFile; fileRef = F51496291AE2FB8E006F4D2D /* CharacterStatisticTest.swift */; };
		F514962B1AE2FC87006F4D2D /* DescriptiveStatistic.swift in Sources */ = {isa = PBXBuildFile; fileRef = F51496241AE29C16006F4D2D /* DescriptiveStatistic.swift */; };
		F514962C1AE2FC8A006F4D2D /* CharacterResource.swift in Sources */ = {isa = PBXBuildFile; fileRef = F51496261AE2F7F7006F4D2D /* CharacterResource.swift */; };
		F514962E1AE31D58006F4D2D /* CharacterResourceTest.swift in Sources */ = {isa = PBXBuildFile; fileRef = F514962D1AE31D58006F4D2D /* CharacterResourceTest.swift */; };
		F51496301AE31F4C006F4D2D /* WorldClock.swift in Sources */ = {isa = PBXBuildFile; fileRef = F514962F1AE31F4C006F4D2D /* WorldClock.swift */; };
		F51496311AE31F4C006F4D2D /* WorldClock.swift in Sources */ = {isa = PBXBuildFile; fileRef = F514962F1AE31F4C006F4D2D /* WorldClock.swift */; };
		F51496351AE4C19C006F4D2D /* Notifier.swift in Sources */ = {isa = PBXBuildFile; fileRef = F51496341AE4C19C006F4D2D /* Notifier.swift */; };
		F51496361AE4C19C006F4D2D /* Notifier.swift in Sources */ = {isa = PBXBuildFile; fileRef = F51496341AE4C19C006F4D2D /* Notifier.swift */; };
		F51496381AE4C2AA006F4D2D /* NotifierTest.swift in Sources */ = {isa = PBXBuildFile; fileRef = F51496371AE4C2AA006F4D2D /* NotifierTest.swift */; };
		F514963A1AEA037E006F4D2D /* WorldClockTest.swift in Sources */ = {isa = PBXBuildFile; fileRef = F51496391AEA037E006F4D2D /* WorldClockTest.swift */; };
		F514963C1AEA8E01006F4D2D /* Room.swift in Sources */ = {isa = PBXBuildFile; fileRef = F514963B1AEA8E01006F4D2D /* Room.swift */; };
		F514963D1AEA8E01006F4D2D /* Room.swift in Sources */ = {isa = PBXBuildFile; fileRef = F514963B1AEA8E01006F4D2D /* Room.swift */; };
		F51496401AEA9070006F4D2D /* Entity.swift in Sources */ = {isa = PBXBuildFile; fileRef = F514963F1AEA9070006F4D2D /* Entity.swift */; };
		F51496411AEA9070006F4D2D /* Entity.swift in Sources */ = {isa = PBXBuildFile; fileRef = F514963F1AEA9070006F4D2D /* Entity.swift */; };
		F51496441AEA90B0006F4D2D /* Portal.swift in Sources */ = {isa = PBXBuildFile; fileRef = F51496431AEA90B0006F4D2D /* Portal.swift */; };
		F51496451AEA90B0006F4D2D /* Portal.swift in Sources */ = {isa = PBXBuildFile; fileRef = F51496431AEA90B0006F4D2D /* Portal.swift */; };
		F562A7CC1ADDDB9D00389139 /* AppDelegate.swift in Sources */ = {isa = PBXBuildFile; fileRef = F562A7CB1ADDDB9D00389139 /* AppDelegate.swift */; };
		F562A7D01ADDDB9D00389139 /* TitleScene.swift in Sources */ = {isa = PBXBuildFile; fileRef = F562A7CF1ADDDB9D00389139 /* TitleScene.swift */; };
		F562A7D21ADDDB9D00389139 /* GameViewController.swift in Sources */ = {isa = PBXBuildFile; fileRef = F562A7D11ADDDB9D00389139 /* GameViewController.swift */; };
		F562A7D71ADDDB9D00389139 /* Images.xcassets in Resources */ = {isa = PBXBuildFile; fileRef = F562A7D61ADDDB9D00389139 /* Images.xcassets */; };
		F562A7DA1ADDDB9D00389139 /* LaunchScreen.xib in Resources */ = {isa = PBXBuildFile; fileRef = F562A7D81ADDDB9D00389139 /* LaunchScreen.xib */; };
		F562A7E61ADDDB9D00389139 /* TextRPGTests.swift in Sources */ = {isa = PBXBuildFile; fileRef = F562A7E51ADDDB9D00389139 /* TextRPGTests.swift */; };
		F562A7F01ADDDFC300389139 /* BaseScene.swift in Sources */ = {isa = PBXBuildFile; fileRef = F562A7EF1ADDDFC300389139 /* BaseScene.swift */; };
		F562A7F21ADDE5E700389139 /* StyleGuide.swift in Sources */ = {isa = PBXBuildFile; fileRef = F562A7F11ADDE5E700389139 /* StyleGuide.swift */; };
		F562A7F91ADDE80D00389139 /* TextDisplay.swift in Sources */ = {isa = PBXBuildFile; fileRef = F562A7F81ADDE80D00389139 /* TextDisplay.swift */; };
		F562A7FB1ADDEA5F00389139 /* PlayScene.swift in Sources */ = {isa = PBXBuildFile; fileRef = F562A7FA1ADDEA5F00389139 /* PlayScene.swift */; };
		F5D2AC9A1B24F2BF00292501 /* Action.swift in Sources */ = {isa = PBXBuildFile; fileRef = F5D2AC991B24F2BF00292501 /* Action.swift */; };
		F5D2AC9B1B24F2D400292501 /* Action.swift in Sources */ = {isa = PBXBuildFile; fileRef = F5D2AC991B24F2BF00292501 /* Action.swift */; };
		F5D507DD1B1814960099BFBE /* Inventory.swift in Sources */ = {isa = PBXBuildFile; fileRef = F5DED28A1B045B2900AA4583 /* Inventory.swift */; };
		F5D507DF1B1832450099BFBE /* World.swift in Sources */ = {isa = PBXBuildFile; fileRef = F5D507DE1B1832450099BFBE /* World.swift */; };
		F5D507E01B1832450099BFBE /* World.swift in Sources */ = {isa = PBXBuildFile; fileRef = F5D507DE1B1832450099BFBE /* World.swift */; };
		F5D507E11B1BC4B50099BFBE /* CommandQueue.swift in Sources */ = {isa = PBXBuildFile; fileRef = F5DED2881B043AEB00AA4583 /* CommandQueue.swift */; };
		F5D5E9FD1AF83D7E00140347 /* Player.swift in Sources */ = {isa = PBXBuildFile; fileRef = F5D5E9FC1AF83D7E00140347 /* Player.swift */; };
		F5D5E9FE1AF83D7E00140347 /* Player.swift in Sources */ = {isa = PBXBuildFile; fileRef = F5D5E9FC1AF83D7E00140347 /* Player.swift */; };
		F5D5EA001AFBA3A900140347 /* EntityFactory.swift in Sources */ = {isa = PBXBuildFile; fileRef = F5D5E9FF1AFBA3A900140347 /* EntityFactory.swift */; };
		F5D5EA011AFBA3A900140347 /* EntityFactory.swift in Sources */ = {isa = PBXBuildFile; fileRef = F5D5E9FF1AFBA3A900140347 /* EntityFactory.swift */; };
		F5D6A5AB1B26A8D000E1B722 /* Location.swift in Sources */ = {isa = PBXBuildFile; fileRef = F5D6A5AA1B26A8D000E1B722 /* Location.swift */; };
		F5D6A5AC1B26A95F00E1B722 /* Location.swift in Sources */ = {isa = PBXBuildFile; fileRef = F5D6A5AA1B26A8D000E1B722 /* Location.swift */; };
		F5DED2821B04361200AA4583 /* ActionDisplay.swift in Sources */ = {isa = PBXBuildFile; fileRef = F5DED2811B04361200AA4583 /* ActionDisplay.swift */; };
		F5DED2891B043AEB00AA4583 /* CommandQueue.swift in Sources */ = {isa = PBXBuildFile; fileRef = F5DED2881B043AEB00AA4583 /* CommandQueue.swift */; };
		F5DED28B1B045B2900AA4583 /* Inventory.swift in Sources */ = {isa = PBXBuildFile; fileRef = F5DED28A1B045B2900AA4583 /* Inventory.swift */; };
		F5DED28D1B045EEE00AA4583 /* PickUp.swift in Sources */ = {isa = PBXBuildFile; fileRef = F5DED28C1B045EEE00AA4583 /* PickUp.swift */; };
		F5DED28E1B05730200AA4583 /* PickUp.swift in Sources */ = {isa = PBXBuildFile; fileRef = F5DED28C1B045EEE00AA4583 /* PickUp.swift */; };
/* End PBXBuildFile section */

/* Begin PBXContainerItemProxy section */
		F562A7E01ADDDB9D00389139 /* PBXContainerItemProxy */ = {
			isa = PBXContainerItemProxy;
			containerPortal = F562A7BE1ADDDB9D00389139 /* Project object */;
			proxyType = 1;
			remoteGlobalIDString = F562A7C51ADDDB9D00389139;
			remoteInfo = TextRPG;
		};
/* End PBXContainerItemProxy section */

/* Begin PBXFileReference section */
		F51496241AE29C16006F4D2D /* DescriptiveStatistic.swift */ = {isa = PBXFileReference; fileEncoding = 4; lastKnownFileType = sourcecode.swift; path = DescriptiveStatistic.swift; sourceTree = "<group>"; };
		F51496261AE2F7F7006F4D2D /* CharacterResource.swift */ = {isa = PBXFileReference; fileEncoding = 4; lastKnownFileType = sourcecode.swift; path = CharacterResource.swift; sourceTree = "<group>"; };
		F51496291AE2FB8E006F4D2D /* CharacterStatisticTest.swift */ = {isa = PBXFileReference; fileEncoding = 4; lastKnownFileType = sourcecode.swift; path = CharacterStatisticTest.swift; sourceTree = "<group>"; };
		F514962D1AE31D58006F4D2D /* CharacterResourceTest.swift */ = {isa = PBXFileReference; fileEncoding = 4; lastKnownFileType = sourcecode.swift; path = CharacterResourceTest.swift; sourceTree = "<group>"; };
		F514962F1AE31F4C006F4D2D /* WorldClock.swift */ = {isa = PBXFileReference; fileEncoding = 4; lastKnownFileType = sourcecode.swift; path = WorldClock.swift; sourceTree = "<group>"; };
		F51496341AE4C19C006F4D2D /* Notifier.swift */ = {isa = PBXFileReference; fileEncoding = 4; lastKnownFileType = sourcecode.swift; path = Notifier.swift; sourceTree = "<group>"; };
		F51496371AE4C2AA006F4D2D /* NotifierTest.swift */ = {isa = PBXFileReference; fileEncoding = 4; lastKnownFileType = sourcecode.swift; path = NotifierTest.swift; sourceTree = "<group>"; };
		F51496391AEA037E006F4D2D /* WorldClockTest.swift */ = {isa = PBXFileReference; fileEncoding = 4; lastKnownFileType = sourcecode.swift; path = WorldClockTest.swift; sourceTree = "<group>"; };
		F514963B1AEA8E01006F4D2D /* Room.swift */ = {isa = PBXFileReference; fileEncoding = 4; lastKnownFileType = sourcecode.swift; path = Room.swift; sourceTree = "<group>"; };
		F514963F1AEA9070006F4D2D /* Entity.swift */ = {isa = PBXFileReference; fileEncoding = 4; lastKnownFileType = sourcecode.swift; path = Entity.swift; sourceTree = "<group>"; };
		F51496431AEA90B0006F4D2D /* Portal.swift */ = {isa = PBXFileReference; fileEncoding = 4; lastKnownFileType = sourcecode.swift; path = Portal.swift; sourceTree = "<group>"; };
		F562A7C61ADDDB9D00389139 /* TextRPG.app */ = {isa = PBXFileReference; explicitFileType = wrapper.application; includeInIndex = 0; path = TextRPG.app; sourceTree = BUILT_PRODUCTS_DIR; };
		F562A7CA1ADDDB9D00389139 /* Info.plist */ = {isa = PBXFileReference; lastKnownFileType = text.plist.xml; path = Info.plist; sourceTree = "<group>"; };
		F562A7CB1ADDDB9D00389139 /* AppDelegate.swift */ = {isa = PBXFileReference; lastKnownFileType = sourcecode.swift; path = AppDelegate.swift; sourceTree = "<group>"; };
		F562A7CF1ADDDB9D00389139 /* TitleScene.swift */ = {isa = PBXFileReference; lastKnownFileType = sourcecode.swift; path = TitleScene.swift; sourceTree = "<group>"; };
		F562A7D11ADDDB9D00389139 /* GameViewController.swift */ = {isa = PBXFileReference; lastKnownFileType = sourcecode.swift; path = GameViewController.swift; sourceTree = "<group>"; };
		F562A7D61ADDDB9D00389139 /* Images.xcassets */ = {isa = PBXFileReference; lastKnownFileType = folder.assetcatalog; path = Images.xcassets; sourceTree = "<group>"; };
		F562A7D91ADDDB9D00389139 /* Base */ = {isa = PBXFileReference; lastKnownFileType = file.xib; name = Base; path = Base.lproj/LaunchScreen.xib; sourceTree = "<group>"; };
		F562A7DF1ADDDB9D00389139 /* TextRPGTests.xctest */ = {isa = PBXFileReference; explicitFileType = wrapper.cfbundle; includeInIndex = 0; path = TextRPGTests.xctest; sourceTree = BUILT_PRODUCTS_DIR; };
		F562A7E41ADDDB9D00389139 /* Info.plist */ = {isa = PBXFileReference; lastKnownFileType = text.plist.xml; path = Info.plist; sourceTree = "<group>"; };
		F562A7E51ADDDB9D00389139 /* TextRPGTests.swift */ = {isa = PBXFileReference; lastKnownFileType = sourcecode.swift; path = TextRPGTests.swift; sourceTree = "<group>"; };
		F562A7EF1ADDDFC300389139 /* BaseScene.swift */ = {isa = PBXFileReference; fileEncoding = 4; lastKnownFileType = sourcecode.swift; path = BaseScene.swift; sourceTree = "<group>"; };
		F562A7F11ADDE5E700389139 /* StyleGuide.swift */ = {isa = PBXFileReference; fileEncoding = 4; lastKnownFileType = sourcecode.swift; path = StyleGuide.swift; sourceTree = "<group>"; };
		F562A7F81ADDE80D00389139 /* TextDisplay.swift */ = {isa = PBXFileReference; fileEncoding = 4; lastKnownFileType = sourcecode.swift; path = TextDisplay.swift; sourceTree = "<group>"; };
		F562A7FA1ADDEA5F00389139 /* PlayScene.swift */ = {isa = PBXFileReference; fileEncoding = 4; lastKnownFileType = sourcecode.swift; path = PlayScene.swift; sourceTree = "<group>"; };
		F5D2AC991B24F2BF00292501 /* Action.swift */ = {isa = PBXFileReference; fileEncoding = 4; lastKnownFileType = sourcecode.swift; path = Action.swift; sourceTree = "<group>"; };
		F5D507DE1B1832450099BFBE /* World.swift */ = {isa = PBXFileReference; fileEncoding = 4; lastKnownFileType = sourcecode.swift; path = World.swift; sourceTree = "<group>"; };
		F5D5E9FC1AF83D7E00140347 /* Player.swift */ = {isa = PBXFileReference; fileEncoding = 4; lastKnownFileType = sourcecode.swift; path = Player.swift; sourceTree = "<group>"; };
		F5D5E9FF1AFBA3A900140347 /* EntityFactory.swift */ = {isa = PBXFileReference; fileEncoding = 4; lastKnownFileType = sourcecode.swift; path = EntityFactory.swift; sourceTree = "<group>"; };
		F5D6A5AA1B26A8D000E1B722 /* Location.swift */ = {isa = PBXFileReference; fileEncoding = 4; lastKnownFileType = sourcecode.swift; path = Location.swift; sourceTree = "<group>"; };
		F5DED2811B04361200AA4583 /* ActionDisplay.swift */ = {isa = PBXFileReference; fileEncoding = 4; lastKnownFileType = sourcecode.swift; path = ActionDisplay.swift; sourceTree = "<group>"; };
		F5DED2881B043AEB00AA4583 /* CommandQueue.swift */ = {isa = PBXFileReference; fileEncoding = 4; lastKnownFileType = sourcecode.swift; path = CommandQueue.swift; sourceTree = "<group>"; };
		F5DED28A1B045B2900AA4583 /* Inventory.swift */ = {isa = PBXFileReference; fileEncoding = 4; lastKnownFileType = sourcecode.swift; path = Inventory.swift; sourceTree = "<group>"; };
		F5DED28C1B045EEE00AA4583 /* PickUp.swift */ = {isa = PBXFileReference; fileEncoding = 4; lastKnownFileType = sourcecode.swift; path = PickUp.swift; sourceTree = "<group>"; };
/* End PBXFileReference section */

/* Begin PBXFrameworksBuildPhase section */
		F562A7C31ADDDB9D00389139 /* Frameworks */ = {
			isa = PBXFrameworksBuildPhase;
			buildActionMask = 2147483647;
			files = (
			);
			runOnlyForDeploymentPostprocessing = 0;
		};
		F562A7DC1ADDDB9D00389139 /* Frameworks */ = {
			isa = PBXFrameworksBuildPhase;
			buildActionMask = 2147483647;
			files = (
			);
			runOnlyForDeploymentPostprocessing = 0;
		};
/* End PBXFrameworksBuildPhase section */

/* Begin PBXGroup section */
		F51496221AE29BCC006F4D2D /* UI */ = {
			isa = PBXGroup;
			children = (
				F562A7F71ADDE7DD00389139 /* Components */,
				F562A7F61ADDE6AD00389139 /* Style */,
			);
			name = UI;
			sourceTree = "<group>";
		};
		F51496231AE29BEA006F4D2D /* Character */ = {
			isa = PBXGroup;
			children = (
				F51496241AE29C16006F4D2D /* DescriptiveStatistic.swift */,
				F51496261AE2F7F7006F4D2D /* CharacterResource.swift */,
				F5D5E9FC1AF83D7E00140347 /* Player.swift */,
			);
			name = Character;
			sourceTree = "<group>";
		};
		F51496281AE2FA5E006F4D2D /* World */ = {
			isa = PBXGroup;
			children = (
				F514962F1AE31F4C006F4D2D /* WorldClock.swift */,
				F514963B1AEA8E01006F4D2D /* Room.swift */,
				F5D507DE1B1832450099BFBE /* World.swift */,
			);
			name = World;
			sourceTree = "<group>";
		};
		F51496321AE4C189006F4D2D /* Library */ = {
			isa = PBXGroup;
			children = (
				F51496331AE4C18E006F4D2D /* Communication */,
			);
			name = Library;
			sourceTree = "<group>";
		};
		F51496331AE4C18E006F4D2D /* Communication */ = {
			isa = PBXGroup;
			children = (
				F51496341AE4C19C006F4D2D /* Notifier.swift */,
			);
			name = Communication;
			sourceTree = "<group>";
		};
		F514963E1AEA903A006F4D2D /* Entities */ = {
			isa = PBXGroup;
			children = (
				F51496421AEA9099006F4D2D /* Components */,
				F514963F1AEA9070006F4D2D /* Entity.swift */,
				F5D5E9FF1AFBA3A900140347 /* EntityFactory.swift */,
			);
			name = Entities;
			sourceTree = "<group>";
		};
		F51496421AEA9099006F4D2D /* Components */ = {
			isa = PBXGroup;
			children = (
				F51496431AEA90B0006F4D2D /* Portal.swift */,
				F5DED28A1B045B2900AA4583 /* Inventory.swift */,
				F5DED28C1B045EEE00AA4583 /* PickUp.swift */,
				F5D2AC991B24F2BF00292501 /* Action.swift */,
				F5D6A5AA1B26A8D000E1B722 /* Location.swift */,
			);
			name = Components;
			sourceTree = "<group>";
		};
		F562A7BD1ADDDB9D00389139 = {
			isa = PBXGroup;
			children = (
				F562A7C81ADDDB9D00389139 /* TextRPG */,
				F562A7E21ADDDB9D00389139 /* TextRPGTests */,
				F562A7C71ADDDB9D00389139 /* Products */,
			);
			sourceTree = "<group>";
		};
		F562A7C71ADDDB9D00389139 /* Products */ = {
			isa = PBXGroup;
			children = (
				F562A7C61ADDDB9D00389139 /* TextRPG.app */,
				F562A7DF1ADDDB9D00389139 /* TextRPGTests.xctest */,
			);
			name = Products;
			sourceTree = "<group>";
		};
		F562A7C81ADDDB9D00389139 /* TextRPG */ = {
			isa = PBXGroup;
			children = (
				F51496321AE4C189006F4D2D /* Library */,
				F514963E1AEA903A006F4D2D /* Entities */,
				F51496281AE2FA5E006F4D2D /* World */,
				F51496231AE29BEA006F4D2D /* Character */,
				F51496221AE29BCC006F4D2D /* UI */,
				F5DED2871B043AD000AA4583 /* Command */,
				F562A7F51ADDE69F00389139 /* Scenes */,
				F562A7CB1ADDDB9D00389139 /* AppDelegate.swift */,
				F562A7D11ADDDB9D00389139 /* GameViewController.swift */,
				F562A7D61ADDDB9D00389139 /* Images.xcassets */,
				F562A7D81ADDDB9D00389139 /* LaunchScreen.xib */,
				F562A7C91ADDDB9D00389139 /* Supporting Files */,
			);
			path = TextRPG;
			sourceTree = "<group>";
		};
		F562A7C91ADDDB9D00389139 /* Supporting Files */ = {
			isa = PBXGroup;
			children = (
				F562A7CA1ADDDB9D00389139 /* Info.plist */,
			);
			name = "Supporting Files";
			sourceTree = "<group>";
		};
		F562A7E21ADDDB9D00389139 /* TextRPGTests */ = {
			isa = PBXGroup;
			children = (
				F562A7E51ADDDB9D00389139 /* TextRPGTests.swift */,
				F51496291AE2FB8E006F4D2D /* CharacterStatisticTest.swift */,
				F514962D1AE31D58006F4D2D /* CharacterResourceTest.swift */,
				F51496371AE4C2AA006F4D2D /* NotifierTest.swift */,
				F51496391AEA037E006F4D2D /* WorldClockTest.swift */,
				F562A7E31ADDDB9D00389139 /* Supporting Files */,
			);
			path = TextRPGTests;
			sourceTree = "<group>";
		};
		F562A7E31ADDDB9D00389139 /* Supporting Files */ = {
			isa = PBXGroup;
			children = (
				F562A7E41ADDDB9D00389139 /* Info.plist */,
			);
			name = "Supporting Files";
			sourceTree = "<group>";
		};
		F562A7F51ADDE69F00389139 /* Scenes */ = {
			isa = PBXGroup;
			children = (
				F562A7FA1ADDEA5F00389139 /* PlayScene.swift */,
				F562A7CF1ADDDB9D00389139 /* TitleScene.swift */,
				F562A7EF1ADDDFC300389139 /* BaseScene.swift */,
			);
			name = Scenes;
			sourceTree = "<group>";
		};
		F562A7F61ADDE6AD00389139 /* Style */ = {
			isa = PBXGroup;
			children = (
				F562A7F11ADDE5E700389139 /* StyleGuide.swift */,
			);
			name = Style;
			sourceTree = "<group>";
		};
		F562A7F71ADDE7DD00389139 /* Components */ = {
			isa = PBXGroup;
			children = (
				F562A7F81ADDE80D00389139 /* TextDisplay.swift */,
				F5DED2811B04361200AA4583 /* ActionDisplay.swift */,
			);
			name = Components;
			sourceTree = "<group>";
		};
		F5DED2871B043AD000AA4583 /* Command */ = {
			isa = PBXGroup;
			children = (
				F5DED2881B043AEB00AA4583 /* CommandQueue.swift */,
			);
			name = Command;
			sourceTree = "<group>";
		};
/* End PBXGroup section */

/* Begin PBXNativeTarget section */
		F562A7C51ADDDB9D00389139 /* TextRPG */ = {
			isa = PBXNativeTarget;
			buildConfigurationList = F562A7E91ADDDB9D00389139 /* Build configuration list for PBXNativeTarget "TextRPG" */;
			buildPhases = (
				F562A7C21ADDDB9D00389139 /* Sources */,
				F562A7C31ADDDB9D00389139 /* Frameworks */,
				F562A7C41ADDDB9D00389139 /* Resources */,
			);
			buildRules = (
			);
			dependencies = (
			);
			name = TextRPG;
			productName = TextRPG;
			productReference = F562A7C61ADDDB9D00389139 /* TextRPG.app */;
			productType = "com.apple.product-type.application";
		};
		F562A7DE1ADDDB9D00389139 /* TextRPGTests */ = {
			isa = PBXNativeTarget;
			buildConfigurationList = F562A7EC1ADDDB9D00389139 /* Build configuration list for PBXNativeTarget "TextRPGTests" */;
			buildPhases = (
				F562A7DB1ADDDB9D00389139 /* Sources */,
				F562A7DC1ADDDB9D00389139 /* Frameworks */,
				F562A7DD1ADDDB9D00389139 /* Resources */,
			);
			buildRules = (
			);
			dependencies = (
				F562A7E11ADDDB9D00389139 /* PBXTargetDependency */,
			);
			name = TextRPGTests;
			productName = TextRPGTests;
			productReference = F562A7DF1ADDDB9D00389139 /* TextRPGTests.xctest */;
			productType = "com.apple.product-type.bundle.unit-test";
		};
/* End PBXNativeTarget section */

/* Begin PBXProject section */
		F562A7BE1ADDDB9D00389139 /* Project object */ = {
			isa = PBXProject;
			attributes = {
				LastUpgradeCheck = 0630;
				ORGANIZATIONNAME = "Todd Greener";
				TargetAttributes = {
					F562A7C51ADDDB9D00389139 = {
						CreatedOnToolsVersion = 6.3;
						DevelopmentTeam = 6LP8SH262R;
					};
					F562A7DE1ADDDB9D00389139 = {
						CreatedOnToolsVersion = 6.3;
						TestTargetID = F562A7C51ADDDB9D00389139;
					};
				};
			};
			buildConfigurationList = F562A7C11ADDDB9D00389139 /* Build configuration list for PBXProject "TextRPG" */;
			compatibilityVersion = "Xcode 3.2";
			developmentRegion = English;
			hasScannedForEncodings = 0;
			knownRegions = (
				en,
				Base,
			);
			mainGroup = F562A7BD1ADDDB9D00389139;
			productRefGroup = F562A7C71ADDDB9D00389139 /* Products */;
			projectDirPath = "";
			projectRoot = "";
			targets = (
				F562A7C51ADDDB9D00389139 /* TextRPG */,
				F562A7DE1ADDDB9D00389139 /* TextRPGTests */,
			);
		};
/* End PBXProject section */

/* Begin PBXResourcesBuildPhase section */
		F562A7C41ADDDB9D00389139 /* Resources */ = {
			isa = PBXResourcesBuildPhase;
			buildActionMask = 2147483647;
			files = (
				F562A7DA1ADDDB9D00389139 /* LaunchScreen.xib in Resources */,
				F562A7D71ADDDB9D00389139 /* Images.xcassets in Resources */,
			);
			runOnlyForDeploymentPostprocessing = 0;
		};
		F562A7DD1ADDDB9D00389139 /* Resources */ = {
			isa = PBXResourcesBuildPhase;
			buildActionMask = 2147483647;
			files = (
			);
			runOnlyForDeploymentPostprocessing = 0;
		};
/* End PBXResourcesBuildPhase section */

/* Begin PBXSourcesBuildPhase section */
		F562A7C21ADDDB9D00389139 /* Sources */ = {
			isa = PBXSourcesBuildPhase;
			buildActionMask = 2147483647;
			files = (
				F562A7D01ADDDB9D00389139 /* TitleScene.swift in Sources */,
				F51496351AE4C19C006F4D2D /* Notifier.swift in Sources */,
				F514963C1AEA8E01006F4D2D /* Room.swift in Sources */,
				F5DED2821B04361200AA4583 /* ActionDisplay.swift in Sources */,
				F5D5EA001AFBA3A900140347 /* EntityFactory.swift in Sources */,
				F51496401AEA9070006F4D2D /* Entity.swift in Sources */,
				F562A7FB1ADDEA5F00389139 /* PlayScene.swift in Sources */,
				F5DED28D1B045EEE00AA4583 /* PickUp.swift in Sources */,
				F5DED2891B043AEB00AA4583 /* CommandQueue.swift in Sources */,
				F51496271AE2F7F7006F4D2D /* CharacterResource.swift in Sources */,
				F562A7F91ADDE80D00389139 /* TextDisplay.swift in Sources */,
				F5D2AC9A1B24F2BF00292501 /* Action.swift in Sources */,
				F562A7D21ADDDB9D00389139 /* GameViewController.swift in Sources */,
				F5D507DF1B1832450099BFBE /* World.swift in Sources */,
				F5D6A5AB1B26A8D000E1B722 /* Location.swift in Sources */,
				F5DED28B1B045B2900AA4583 /* Inventory.swift in Sources */,
				F51496301AE31F4C006F4D2D /* WorldClock.swift in Sources */,
				F562A7CC1ADDDB9D00389139 /* AppDelegate.swift in Sources */,
				F562A7F21ADDE5E700389139 /* StyleGuide.swift in Sources */,
				F562A7F01ADDDFC300389139 /* BaseScene.swift in Sources */,
				F51496251AE29C16006F4D2D /* DescriptiveStatistic.swift in Sources */,
				F5D5E9FD1AF83D7E00140347 /* Player.swift in Sources */,
				F51496441AEA90B0006F4D2D /* Portal.swift in Sources */,
			);
			runOnlyForDeploymentPostprocessing = 0;
		};
		F562A7DB1ADDDB9D00389139 /* Sources */ = {
			isa = PBXSourcesBuildPhase;
			buildActionMask = 2147483647;
			files = (
				F562A7E61ADDDB9D00389139 /* TextRPGTests.swift in Sources */,
				F5D2AC9B1B24F2D400292501 /* Action.swift in Sources */,
				F5D6A5AC1B26A95F00E1B722 /* Location.swift in Sources */,
				F5D507E01B1832450099BFBE /* World.swift in Sources */,
				F51496311AE31F4C006F4D2D /* WorldClock.swift in Sources */,
				F5DED28E1B05730200AA4583 /* PickUp.swift in Sources */,
				F514962E1AE31D58006F4D2D /* CharacterResourceTest.swift in Sources */,
				F51496381AE4C2AA006F4D2D /* NotifierTest.swift in Sources */,
				F51496411AEA9070006F4D2D /* Entity.swift in Sources */,
				F5D507E11B1BC4B50099BFBE /* CommandQueue.swift in Sources */,
				F5D5EA011AFBA3A900140347 /* EntityFactory.swift in Sources */,
				F5D5E9FE1AF83D7E00140347 /* Player.swift in Sources */,
				F5D507DD1B1814960099BFBE /* Inventory.swift in Sources */,
				F51496451AEA90B0006F4D2D /* Portal.swift in Sources */,
				F514963D1AEA8E01006F4D2D /* Room.swift in Sources */,
				F514962A1AE2FB8E006F4D2D /* CharacterStatisticTest.swift in Sources */,
				F51496361AE4C19C006F4D2D /* Notifier.swift in Sources */,
				F514962B1AE2FC87006F4D2D /* DescriptiveStatistic.swift in Sources */,
				F514963A1AEA037E006F4D2D /* WorldClockTest.swift in Sources */,
				F514962C1AE2FC8A006F4D2D /* CharacterResource.swift in Sources */,
			);
			runOnlyForDeploymentPostprocessing = 0;
		};
/* End PBXSourcesBuildPhase section */

/* Begin PBXTargetDependency section */
		F562A7E11ADDDB9D00389139 /* PBXTargetDependency */ = {
			isa = PBXTargetDependency;
			target = F562A7C51ADDDB9D00389139 /* TextRPG */;
			targetProxy = F562A7E01ADDDB9D00389139 /* PBXContainerItemProxy */;
		};
/* End PBXTargetDependency section */

/* Begin PBXVariantGroup section */
		F562A7D81ADDDB9D00389139 /* LaunchScreen.xib */ = {
			isa = PBXVariantGroup;
			children = (
				F562A7D91ADDDB9D00389139 /* Base */,
			);
			name = LaunchScreen.xib;
			sourceTree = "<group>";
		};
/* End PBXVariantGroup section */

/* Begin XCBuildConfiguration section */
		F562A7E71ADDDB9D00389139 /* Debug */ = {
			isa = XCBuildConfiguration;
			buildSettings = {
				ALWAYS_SEARCH_USER_PATHS = NO;
				CLANG_CXX_LANGUAGE_STANDARD = "gnu++0x";
				CLANG_CXX_LIBRARY = "libc++";
				CLANG_ENABLE_MODULES = YES;
				CLANG_ENABLE_OBJC_ARC = YES;
				CLANG_WARN_BOOL_CONVERSION = YES;
				CLANG_WARN_CONSTANT_CONVERSION = YES;
				CLANG_WARN_DIRECT_OBJC_ISA_USAGE = YES_ERROR;
				CLANG_WARN_EMPTY_BODY = YES;
				CLANG_WARN_ENUM_CONVERSION = YES;
				CLANG_WARN_INT_CONVERSION = YES;
				CLANG_WARN_OBJC_ROOT_CLASS = YES_ERROR;
				CLANG_WARN_UNREACHABLE_CODE = YES;
				CLANG_WARN__DUPLICATE_METHOD_MATCH = YES;
				"CODE_SIGN_IDENTITY[sdk=iphoneos*]" = "iPhone Developer";
				COPY_PHASE_STRIP = NO;
				DEBUG_INFORMATION_FORMAT = "dwarf-with-dsym";
				ENABLE_STRICT_OBJC_MSGSEND = YES;
				GCC_C_LANGUAGE_STANDARD = gnu99;
				GCC_DYNAMIC_NO_PIC = NO;
				GCC_NO_COMMON_BLOCKS = YES;
				GCC_OPTIMIZATION_LEVEL = 0;
				GCC_PREPROCESSOR_DEFINITIONS = (
					"DEBUG=1",
					"$(inherited)",
				);
				GCC_SYMBOLS_PRIVATE_EXTERN = NO;
				GCC_WARN_64_TO_32_BIT_CONVERSION = YES;
				GCC_WARN_ABOUT_RETURN_TYPE = YES_ERROR;
				GCC_WARN_UNDECLARED_SELECTOR = YES;
				GCC_WARN_UNINITIALIZED_AUTOS = YES_AGGRESSIVE;
				GCC_WARN_UNUSED_FUNCTION = YES;
				GCC_WARN_UNUSED_VARIABLE = YES;
				IPHONEOS_DEPLOYMENT_TARGET = 8.3;
				MTL_ENABLE_DEBUG_INFO = YES;
				ONLY_ACTIVE_ARCH = YES;
				SDKROOT = iphoneos;
				SWIFT_OPTIMIZATION_LEVEL = "-Onone";
			};
			name = Debug;
		};
		F562A7E81ADDDB9D00389139 /* Release */ = {
			isa = XCBuildConfiguration;
			buildSettings = {
				ALWAYS_SEARCH_USER_PATHS = NO;
				CLANG_CXX_LANGUAGE_STANDARD = "gnu++0x";
				CLANG_CXX_LIBRARY = "libc++";
				CLANG_ENABLE_MODULES = YES;
				CLANG_ENABLE_OBJC_ARC = YES;
				CLANG_WARN_BOOL_CONVERSION = YES;
				CLANG_WARN_CONSTANT_CONVERSION = YES;
				CLANG_WARN_DIRECT_OBJC_ISA_USAGE = YES_ERROR;
				CLANG_WARN_EMPTY_BODY = YES;
				CLANG_WARN_ENUM_CONVERSION = YES;
				CLANG_WARN_INT_CONVERSION = YES;
				CLANG_WARN_OBJC_ROOT_CLASS = YES_ERROR;
				CLANG_WARN_UNREACHABLE_CODE = YES;
				CLANG_WARN__DUPLICATE_METHOD_MATCH = YES;
				"CODE_SIGN_IDENTITY[sdk=iphoneos*]" = "iPhone Developer";
				COPY_PHASE_STRIP = NO;
				DEBUG_INFORMATION_FORMAT = "dwarf-with-dsym";
				ENABLE_NS_ASSERTIONS = NO;
				ENABLE_STRICT_OBJC_MSGSEND = YES;
				GCC_C_LANGUAGE_STANDARD = gnu99;
				GCC_NO_COMMON_BLOCKS = YES;
				GCC_WARN_64_TO_32_BIT_CONVERSION = YES;
				GCC_WARN_ABOUT_RETURN_TYPE = YES_ERROR;
				GCC_WARN_UNDECLARED_SELECTOR = YES;
				GCC_WARN_UNINITIALIZED_AUTOS = YES_AGGRESSIVE;
				GCC_WARN_UNUSED_FUNCTION = YES;
				GCC_WARN_UNUSED_VARIABLE = YES;
				IPHONEOS_DEPLOYMENT_TARGET = 8.3;
				MTL_ENABLE_DEBUG_INFO = NO;
				SDKROOT = iphoneos;
				VALIDATE_PRODUCT = YES;
			};
			name = Release;
		};
		F562A7EA1ADDDB9D00389139 /* Debug */ = {
			isa = XCBuildConfiguration;
			buildSettings = {
				ASSETCATALOG_COMPILER_APPICON_NAME = AppIcon;
				CODE_SIGN_IDENTITY = "iPhone Developer";
				"CODE_SIGN_IDENTITY[sdk=iphoneos*]" = "iPhone Developer";
				INFOPLIST_FILE = TextRPG/Info.plist;
				LD_RUNPATH_SEARCH_PATHS = "$(inherited) @executable_path/Frameworks";
				PRODUCT_NAME = "$(TARGET_NAME)";
				PROVISIONING_PROFILE = "";
			};
			name = Debug;
		};
		F562A7EB1ADDDB9D00389139 /* Release */ = {
			isa = XCBuildConfiguration;
			buildSettings = {
				ASSETCATALOG_COMPILER_APPICON_NAME = AppIcon;
				CODE_SIGN_IDENTITY = "iPhone Developer";
				"CODE_SIGN_IDENTITY[sdk=iphoneos*]" = "iPhone Developer";
				INFOPLIST_FILE = TextRPG/Info.plist;
				LD_RUNPATH_SEARCH_PATHS = "$(inherited) @executable_path/Frameworks";
				PRODUCT_NAME = "$(TARGET_NAME)";
				PROVISIONING_PROFILE = "";
			};
			name = Release;
		};
		F562A7ED1ADDDB9D00389139 /* Debug */ = {
			isa = XCBuildConfiguration;
			buildSettings = {
				BUNDLE_LOADER = "$(TEST_HOST)";
				FRAMEWORK_SEARCH_PATHS = (
					"$(SDKROOT)/Developer/Library/Frameworks",
					"$(inherited)",
				);
				GCC_PREPROCESSOR_DEFINITIONS = (
					"DEBUG=1",
					"$(inherited)",
				);
				INFOPLIST_FILE = TextRPGTests/Info.plist;
				LD_RUNPATH_SEARCH_PATHS = "$(inherited) @executable_path/Frameworks @loader_path/Frameworks";
				PRODUCT_NAME = "$(TARGET_NAME)";
				TEST_HOST = "$(BUILT_PRODUCTS_DIR)/TextRPG.app/TextRPG";
			};
			name = Debug;
		};
		F562A7EE1ADDDB9D00389139 /* Release */ = {
			isa = XCBuildConfiguration;
			buildSettings = {
				BUNDLE_LOADER = "$(TEST_HOST)";
				FRAMEWORK_SEARCH_PATHS = (
					"$(SDKROOT)/Developer/Library/Frameworks",
					"$(inherited)",
				);
				INFOPLIST_FILE = TextRPGTests/Info.plist;
				LD_RUNPATH_SEARCH_PATHS = "$(inherited) @executable_path/Frameworks @loader_path/Frameworks";
				PRODUCT_NAME = "$(TARGET_NAME)";
				TEST_HOST = "$(BUILT_PRODUCTS_DIR)/TextRPG.app/TextRPG";
			};
			name = Release;
		};
/* End XCBuildConfiguration section */

/* Begin XCConfigurationList section */
		F562A7C11ADDDB9D00389139 /* Build configuration list for PBXProject "TextRPG" */ = {
			isa = XCConfigurationList;
			buildConfigurations = (
				F562A7E71ADDDB9D00389139 /* Debug */,
				F562A7E81ADDDB9D00389139 /* Release */,
			);
			defaultConfigurationIsVisible = 0;
			defaultConfigurationName = Release;
		};
		F562A7E91ADDDB9D00389139 /* Build configuration list for PBXNativeTarget "TextRPG" */ = {
			isa = XCConfigurationList;
			buildConfigurations = (
				F562A7EA1ADDDB9D00389139 /* Debug */,
				F562A7EB1ADDDB9D00389139 /* Release */,
			);
			defaultConfigurationIsVisible = 0;
			defaultConfigurationName = Release;
		};
		F562A7EC1ADDDB9D00389139 /* Build configuration list for PBXNativeTarget "TextRPGTests" */ = {
			isa = XCConfigurationList;
			buildConfigurations = (
				F562A7ED1ADDDB9D00389139 /* Debug */,
				F562A7EE1ADDDB9D00389139 /* Release */,
			);
			defaultConfigurationIsVisible = 0;
			defaultConfigurationName = Release;
		};
/* End XCConfigurationList section */
	};
	rootObject = F562A7BE1ADDDB9D00389139 /* Project object */;
}
